
Microsoft Visual Studio Solution File, Format Version 12.00
# Visual Studio 15
VisualStudioVersion = 15.0.28307.329
MinimumVisualStudioVersion = 10.0.40219.1
Project("{FAE04EC0-301F-11D3-BF4B-00C04F79EFBC}") = "PoolTouhou", "PoolTouhou/PoolTouhou.csproj", "{BAF61069-3694-4B68-AB81-7CC544E30C66}"
EndProject
Global
	GlobalSection(SolutionConfigurationPlatforms) = preSolution
		Debug|Any CPU = Debug|Any CPU
		Release|Any CPU = Release|Any CPU
	EndGlobalSection
	GlobalSection(ProjectConfigurationPlatforms) = postSolution
		{BAF61069-3694-4B68-AB81-7CC544E30C66}.Debug|Any CPU.ActiveCfg = Debug|Any CPU
		{BAF61069-3694-4B68-AB81-7CC544E30C66}.Debug|Any CPU.Build.0 = Debug|Any CPU
		{BAF61069-3694-4B68-AB81-7CC544E30C66}.Release|Any CPU.ActiveCfg = Release|Any CPU
		{BAF61069-3694-4B68-AB81-7CC544E30C66}.Release|Any CPU.Build.0 = Release|Any CPU
	EndGlobalSection
	GlobalSection(SolutionProperties) = preSolution
		HideSolutionNode = FALSE
	EndGlobalSection
	GlobalSection(ExtensibilityGlobals) = postSolution
		SolutionGuid = {23B85BA6-9CD1-449F-A5BA-5964F0C8ABB9}
	EndGlobalSection
EndGlobal
